github.com/go-asphyxia/core/bytes v0.0.1 h1:edC4bcciCu6KTabExtULYO4vMZxV27Kp2kPshZ4qIj8=
github.com/go-asphyxia/core/bytes v0.0.1/go.mod h1:U10n63qC+RfAkG+gtkYgA49wjNBzoyhI2Pb3JqVawPk=
github.com/go-asphyxia/data/list v0.0.1 h1:ty+RjlGKaoY+zZt9aAuLQ3lYacnsjyn9NuJHRdCqDM8=
github.com/go-asphyxia/data/list v0.0.1/go.mod h1:nZWwkJ//y+BMGwKCrr2ZNfvuW47LVXouD4S/WCWCEVg=
github.com/go-asphyxia/data/tree v0.0.1 h1:+Rv65w1nv2cSsSrnV3mAYPFxNFrDyCO9nMTJZYYb5R0=
github.com/go-asphyxia/data/tree v0.0.1/go.mod h1:cqu/wlo99veLYtbG7qmUB19yOUhMAsZpc9VXXWb/52o=
github.com/goccy/go-json v0.10.0 h1:mXKd9Qw4NuzShiRlOXKews24ufknHO7gx30lsDyokKA=
github.com/goccy/go-json v0.10.0/go.mod h1:6MelG93GURQebXPDq3khkgXZkazVtN9CRI+MGFi0w8I=
